
Microsoft Visual Studio Solution File, Format Version 12.00
# Visual Studio Version 16
VisualStudioVersion = 16.0.29609.76
MinimumVisualStudioVersion = 10.0.40219.1
Project("{FAE04EC0-301F-11D3-BF4B-00C04F79EFBC}") = "EmailService.SendGrid", "EmailService.SendGrid\EmailService.SendGrid.csproj", "{A6B9E7C0-7654-4D8E-890F-CAEEA872A78E}"
EndProject
Global
	GlobalSection(SolutionConfigurationPlatforms) = preSolution
		Debug|Any CPU = Debug|Any CPU
		Release|Any CPU = Release|Any CPU
	EndGlobalSection
	GlobalSection(ProjectConfigurationPlatforms) = postSolution
		{A6B9E7C0-7654-4D8E-890F-CAEEA872A78E}.Debug|Any CPU.ActiveCfg = Debug|Any CPU
		{A6B9E7C0-7654-4D8E-890F-CAEEA872A78E}.Debug|Any CPU.Build.0 = Debug|Any CPU
		{A6B9E7C0-7654-4D8E-890F-CAEEA872A78E}.Release|Any CPU.ActiveCfg = Release|Any CPU
		{A6B9E7C0-7654-4D8E-890F-CAEEA872A78E}.Release|Any CPU.Build.0 = Release|Any CPU
	EndGlobalSection
	GlobalSection(SolutionProperties) = preSolution
		HideSolutionNode = FALSE
	EndGlobalSection
	GlobalSection(ExtensibilityGlobals) = postSolution
		SolutionGuid = {3110EFE6-5680-443E-A97C-632B99804E88}
	EndGlobalSection
EndGlobal